
Microsoft Visual Studio Solution File, Format Version 12.00
# Visual Studio 15
Project("{FAE04EC0-301F-11D3-BF4B-00C04F79EFBC}") = "NabuhEnergyMobile.iOS", "NabuhEnergyMobile.iOS.csproj", "{184F9D23-AAF1-421D-91CA-DDCB034E3A58}"
EndProject
Global
	GlobalSection(SolutionConfigurationPlatforms) = preSolution
		Debug|iPhoneSimulator = Debug|iPhoneSimulator
		Release|iPhoneSimulator = Release|iPhoneSimulator
		Debug|iPhone = Debug|iPhone
		Release|iPhone = Release|iPhone
	EndGlobalSection
	GlobalSection(ProjectConfigurationPlatforms) = postSolution
		{184F9D23-AAF1-421D-91CA-DDCB034E3A58}.Debug|iPhoneSimulator.ActiveCfg = Debug|iPhoneSimulator
		{184F9D23-AAF1-421D-91CA-DDCB034E3A58}.Debug|iPhoneSimulator.Build.0 = Debug|iPhoneSimulator
		{184F9D23-AAF1-421D-91CA-DDCB034E3A58}.Release|iPhoneSimulator.ActiveCfg = Release|iPhoneSimulator
		{184F9D23-AAF1-421D-91CA-DDCB034E3A58}.Release|iPhoneSimulator.Build.0 = Release|iPhoneSimulator
		{184F9D23-AAF1-421D-91CA-DDCB034E3A58}.Debug|iPhone.ActiveCfg = Debug|iPhone
		{184F9D23-AAF1-421D-91CA-DDCB034E3A58}.Debug|iPhone.Build.0 = Debug|iPhone
		{184F9D23-AAF1-421D-91CA-DDCB034E3A58}.Release|iPhone.ActiveCfg = Release|iPhone
		{184F9D23-AAF1-421D-91CA-DDCB034E3A58}.Release|iPhone.Build.0 = Release|iPhone
	EndGlobalSection
EndGlobal
